
Microsoft Visual Studio Solution File, Format Version 12.00
# Visual Studio 14
VisualStudioVersion = 14.0.25123.0
MinimumVisualStudioVersion = 10.0.40219.1
Project("{2150E333-8FDC-42A3-9474-1A3956D46DE8}") = "src", "src", "{0A0BC0EE-A19A-42BC-B406-AC0A2BDF78E9}"
EndProject
Project("{2150E333-8FDC-42A3-9474-1A3956D46DE8}") = "Solution Items", "Solution Items", "{C73F0B54-8B12-41EA-BD25-9D4F1AD2DC87}"
	ProjectSection(SolutionItems) = preProject
		global.json = global.json
	EndProjectSection
EndProject
Project("{8BB2217D-0F2D-49D1-97BC-3654ED321F3B}") = "Wedding", "src\Wedding\Wedding.xproj", "{ECA89087-A39B-41D0-B1F0-1D21A7491C07}"
EndProject
Global
	GlobalSection(SolutionConfigurationPlatforms) = preSolution
		Debug|Any CPU = Debug|Any CPU
		Release|Any CPU = Release|Any CPU
	EndGlobalSection
	GlobalSection(ProjectConfigurationPlatforms) = postSolution
		{ECA89087-A39B-41D0-B1F0-1D21A7491C07}.Debug|Any CPU.ActiveCfg = Debug|Any CPU
		{ECA89087-A39B-41D0-B1F0-1D21A7491C07}.Debug|Any CPU.Build.0 = Debug|Any CPU
		{ECA89087-A39B-41D0-B1F0-1D21A7491C07}.Release|Any CPU.ActiveCfg = Release|Any CPU
		{ECA89087-A39B-41D0-B1F0-1D21A7491C07}.Release|Any CPU.Build.0 = Release|Any CPU
	EndGlobalSection
	GlobalSection(SolutionProperties) = preSolution
		HideSolutionNode = FALSE
	EndGlobalSection
	GlobalSection(NestedProjects) = preSolution
		{ECA89087-A39B-41D0-B1F0-1D21A7491C07} = {0A0BC0EE-A19A-42BC-B406-AC0A2BDF78E9}
	EndGlobalSection
EndGlobal
